
Microsoft Visual Studio Solution File, Format Version 12.00
# Visual Studio 14
VisualStudioVersion = 14.0.25123.0
MinimumVisualStudioVersion = 10.0.40219.1
Project("{FAE04EC0-301F-11D3-BF4B-00C04F79EFBC}") = "SQLiteEx.Droid", "SQLiteEx\SQLiteEx.Droid\SQLiteEx.Droid.csproj", "{160A6926-0746-49EB-922D-9BFAFE815D97}"
EndProject
Project("{FAE04EC0-301F-11D3-BF4B-00C04F79EFBC}") = "SQLiteEx.iOS", "SQLiteEx\SQLiteEx.iOS\SQLiteEx.iOS.csproj", "{489488B8-3001-4137-8BA1-9B5604EF814D}"
EndProject
Project("{FAE04EC0-301F-11D3-BF4B-00C04F79EFBC}") = "SQLiteEx.WinPhone", "SQLiteEx\SQLiteEx.WinPhone\SQLiteEx.WinPhone.csproj", "{59C6EB25-C1FE-4FD8-A1E9-1F60282E4BE6}"
EndProject
Project("{FAE04EC0-301F-11D3-BF4B-00C04F79EFBC}") = "SQLiteEx.UWP", "SQLiteEx\SQLiteEx.UWP\SQLiteEx.UWP.csproj", "{DC89E748-053C-40B5-905C-26ACFA18DA7D}"
EndProject
Project("{FAE04EC0-301F-11D3-BF4B-00C04F79EFBC}") = "SQLiteEx.Windows", "SQLiteEx\SQLiteEx.Windows\SQLiteEx.Windows.csproj", "{5CEC548A-2E56-4763-B2C5-8B1505C9A74C}"
EndProject
Project("{FAE04EC0-301F-11D3-BF4B-00C04F79EFBC}") = "SQLiteEx", "SQLiteEx\SQLiteEx\SQLiteEx.csproj", "{FD873A8D-9403-4EEE-89B5-1E365E834AB9}"
EndProject
Global
	GlobalSection(SolutionConfigurationPlatforms) = preSolution
		Ad-Hoc|Any CPU = Ad-Hoc|Any CPU
		Ad-Hoc|ARM = Ad-Hoc|ARM
		Ad-Hoc|iPhone = Ad-Hoc|iPhone
		Ad-Hoc|iPhoneSimulator = Ad-Hoc|iPhoneSimulator
		Ad-Hoc|x64 = Ad-Hoc|x64
		Ad-Hoc|x86 = Ad-Hoc|x86
		AppStore|Any CPU = AppStore|Any CPU
		AppStore|ARM = AppStore|ARM
		AppStore|iPhone = AppStore|iPhone
		AppStore|iPhoneSimulator = AppStore|iPhoneSimulator
		AppStore|x64 = AppStore|x64
		AppStore|x86 = AppStore|x86
		Debug|Any CPU = Debug|Any CPU
		Debug|ARM = Debug|ARM
		Debug|iPhone = Debug|iPhone
		Debug|iPhoneSimulator = Debug|iPhoneSimulator
		Debug|x64 = Debug|x64
		Debug|x86 = Debug|x86
		Release|Any CPU = Release|Any CPU
		Release|ARM = Release|ARM
		Release|iPhone = Release|iPhone
		Release|iPhoneSimulator = Release|iPhoneSimulator
		Release|x64 = Release|x64
		Release|x86 = Release|x86
	EndGlobalSection
	GlobalSection(ProjectConfigurationPlatforms) = postSolution
		{160A6926-0746-49EB-922D-9BFAFE815D97}.Ad-Hoc|Any CPU.ActiveCfg = Release|Any CPU
		{160A6926-0746-49EB-922D-9BFAFE815D97}.Ad-Hoc|Any CPU.Build.0 = Release|Any CPU
		{160A6926-0746-49EB-922D-9BFAFE815D97}.Ad-Hoc|Any CPU.Deploy.0 = Release|Any CPU
		{160A6926-0746-49EB-922D-9BFAFE815D97}.Ad-Hoc|ARM.ActiveCfg = Release|Any CPU
		{160A6926-0746-49EB-922D-9BFAFE815D97}.Ad-Hoc|ARM.Build.0 = Release|Any CPU
		{160A6926-0746-49EB-922D-9BFAFE815D97}.Ad-Hoc|ARM.Deploy.0 = Release|Any CPU
		{160A6926-0746-49EB-922D-9BFAFE815D97}.Ad-Hoc|iPhone.ActiveCfg = Release|Any CPU
		{160A6926-0746-49EB-922D-9BFAFE815D97}.Ad-Hoc|iPhone.Build.0 = Release|Any CPU
		{160A6926-0746-49EB-922D-9BFAFE815D97}.Ad-Hoc|iPhone.Deploy.0 = Release|Any CPU
		{160A6926-0746-49EB-922D-9BFAFE815D97}.Ad-Hoc|iPhoneSimulator.ActiveCfg = Release|Any CPU
		{160A6926-0746-49EB-922D-9BFAFE815D97}.Ad-Hoc|iPhoneSimulator.Build.0 = Release|Any CPU
		{160A6926-0746-49EB-922D-9BFAFE815D97}.Ad-Hoc|iPhoneSimulator.Deploy.0 = Release|Any CPU
		{160A6926-0746-49EB-922D-9BFAFE815D97}.Ad-Hoc|x64.ActiveCfg = Release|Any CPU
		{160A6926-0746-49EB-922D-9BFAFE815D97}.Ad-Hoc|x64.Build.0 = Release|Any CPU
		{160A6926-0746-49EB-922D-9BFAFE815D97}.Ad-Hoc|x64.Deploy.0 = Release|Any CPU
		{160A6926-0746-49EB-922D-9BFAFE815D97}.Ad-Hoc|x86.ActiveCfg = Release|Any CPU
		{160A6926-0746-49EB-922D-9BFAFE815D97}.Ad-Hoc|x86.Build.0 = Release|Any CPU
		{160A6926-0746-49EB-922D-9BFAFE815D97}.Ad-Hoc|x86.Deploy.0 = Release|Any CPU
		{160A6926-0746-49EB-922D-9BFAFE815D97}.AppStore|Any CPU.ActiveCfg = Release|Any CPU
		{160A6926-0746-49EB-922D-9BFAFE815D97}.AppStore|Any CPU.Build.0 = Release|Any CPU
		{160A6926-0746-49EB-922D-9BFAFE815D97}.AppStore|Any CPU.Deploy.0 = Release|Any CPU
		{160A6926-0746-49EB-922D-9BFAFE815D97}.AppStore|ARM.ActiveCfg = Release|Any CPU
		{160A6926-0746-49EB-922D-9BFAFE815D97}.AppStore|ARM.Build.0 = Release|Any CPU
		{160A6926-0746-49EB-922D-9BFAFE815D97}.AppStore|ARM.Deploy.0 = Release|Any CPU
		{160A6926-0746-49EB-922D-9BFAFE815D97}.AppStore|iPhone.ActiveCfg = Release|Any CPU
		{160A6926-0746-49EB-922D-9BFAFE815D97}.AppStore|iPhone.Build.0 = Release|Any CPU
		{160A6926-0746-49EB-922D-9BFAFE815D97}.AppStore|iPhone.Deploy.0 = Release|Any CPU
		{160A6926-0746-49EB-922D-9BFAFE815D97}.AppStore|iPhoneSimulator.ActiveCfg = Release|Any CPU
		{160A6926-0746-49EB-922D-9BFAFE815D97}.AppStore|iPhoneSimulator.Build.0 = Release|Any CPU
		{160A6926-0746-49EB-922D-9BFAFE815D97}.AppStore|iPhoneSimulator.Deploy.0 = Release|Any CPU
		{160A6926-0746-49EB-922D-9BFAFE815D97}.AppStore|x64.ActiveCfg = Release|Any CPU
		{160A6926-0746-49EB-922D-9BFAFE815D97}.AppStore|x64.Build.0 = Release|Any CPU
		{160A6926-0746-49EB-922D-9BFAFE815D97}.AppStore|x64.Deploy.0 = Release|Any CPU
		{160A6926-0746-49EB-922D-9BFAFE815D97}.AppStore|x86.ActiveCfg = Release|Any CPU
		{160A6926-0746-49EB-922D-9BFAFE815D97}.AppStore|x86.Build.0 = Release|Any CPU
		{160A6926-0746-49EB-922D-9BFAFE815D97}.AppStore|x86.Deploy.0 = Release|Any CPU
		{160A6926-0746-49EB-922D-9BFAFE815D97}.Debug|Any CPU.ActiveCfg = Debug|Any CPU
		{160A6926-0746-49EB-922D-9BFAFE815D97}.Debug|Any CPU.Build.0 = Debug|Any CPU
		{160A6926-0746-49EB-922D-9BFAFE815D97}.Debug|Any CPU.Deploy.0 = Debug|Any CPU
		{160A6926-0746-49EB-922D-9BFAFE815D97}.Debug|ARM.ActiveCfg = Debug|Any CPU
		{160A6926-0746-49EB-922D-9BFAFE815D97}.Debug|ARM.Build.0 = Debug|Any CPU
		{160A6926-0746-49EB-922D-9BFAFE815D97}.Debug|ARM.Deploy.0 = Debug|Any CPU
		{160A6926-0746-49EB-922D-9BFAFE815D97}.Debug|iPhone.ActiveCfg = Debug|Any CPU
		{160A6926-0746-49EB-922D-9BFAFE815D97}.Debug|iPhone.Build.0 = Debug|Any CPU
		{160A6926-0746-49EB-922D-9BFAFE815D97}.Debug|iPhone.Deploy.0 = Debug|Any CPU
		{160A6926-0746-49EB-922D-9BFAFE815D97}.Debug|iPhoneSimulator.ActiveCfg = Debug|Any CPU
		{160A6926-0746-49EB-922D-9BFAFE815D97}.Debug|iPhoneSimulator.Build.0 = Debug|Any CPU
		{160A6926-0746-49EB-922D-9BFAFE815D97}.Debug|iPhoneSimulator.Deploy.0 = Debug|Any CPU
		{160A6926-0746-49EB-922D-9BFAFE815D97}.Debug|x64.ActiveCfg = Debug|Any CPU
		{160A6926-0746-49EB-922D-9BFAFE815D97}.Debug|x64.Build.0 = Debug|Any CPU
		{160A6926-0746-49EB-922D-9BFAFE815D97}.Debug|x64.Deploy.0 = Debug|Any CPU
		{160A6926-0746-49EB-922D-9BFAFE815D97}.Debug|x86.ActiveCfg = Debug|Any CPU
		{160A6926-0746-49EB-922D-9BFAFE815D97}.Debug|x86.Build.0 = Debug|Any CPU
		{160A6926-0746-49EB-922D-9BFAFE815D97}.Debug|x86.Deploy.0 = Debug|Any CPU
		{160A6926-0746-49EB-922D-9BFAFE815D97}.Release|Any CPU.ActiveCfg = Release|Any CPU
		{160A6926-0746-49EB-922D-9BFAFE815D97}.Release|Any CPU.Build.0 = Release|Any CPU
		{160A6926-0746-49EB-922D-9BFAFE815D97}.Release|Any CPU.Deploy.0 = Release|Any CPU
		{160A6926-0746-49EB-922D-9BFAFE815D97}.Release|ARM.ActiveCfg = Release|Any CPU
		{160A6926-0746-49EB-922D-9BFAFE815D97}.Release|ARM.Build.0 = Release|Any CPU
		{160A6926-0746-49EB-922D-9BFAFE815D97}.Release|ARM.Deploy.0 = Release|Any CPU
		{160A6926-0746-49EB-922D-9BFAFE815D97}.Release|iPhone.ActiveCfg = Release|Any CPU
		{160A6926-0746-49EB-922D-9BFAFE815D97}.Release|iPhone.Build.0 = Release|Any CPU
		{160A6926-0746-49EB-922D-9BFAFE815D97}.Release|iPhone.Deploy.0 = Release|Any CPU
		{160A6926-0746-49EB-922D-9BFAFE815D97}.Release|iPhoneSimulator.ActiveCfg = Release|Any CPU
		{160A6926-0746-49EB-922D-9BFAFE815D97}.Release|iPhoneSimulator.Build.0 = Release|Any CPU
		{160A6926-0746-49EB-922D-9BFAFE815D97}.Release|iPhoneSimulator.Deploy.0 = Release|Any CPU
		{160A6926-0746-49EB-922D-9BFAFE815D97}.Release|x64.ActiveCfg = Release|Any CPU
		{160A6926-0746-49EB-922D-9BFAFE815D97}.Release|x64.Build.0 = Release|Any CPU
		{160A6926-0746-49EB-922D-9BFAFE815D97}.Release|x64.Deploy.0 = Release|Any CPU
		{160A6926-0746-49EB-922D-9BFAFE815D97}.Release|x86.ActiveCfg = Release|Any CPU
		{160A6926-0746-49EB-922D-9BFAFE815D97}.Release|x86.Build.0 = Release|Any CPU
		{160A6926-0746-49EB-922D-9BFAFE815D97}.Release|x86.Deploy.0 = Release|Any CPU
		{489488B8-3001-4137-8BA1-9B5604EF814D}.Ad-Hoc|Any CPU.ActiveCfg = Ad-Hoc|iPhone
		{489488B8-3001-4137-8BA1-9B5604EF814D}.Ad-Hoc|ARM.ActiveCfg = Ad-Hoc|iPhone
		{489488B8-3001-4137-8BA1-9B5604EF814D}.Ad-Hoc|iPhone.ActiveCfg = Ad-Hoc|iPhone
		{489488B8-3001-4137-8BA1-9B5604EF814D}.Ad-Hoc|iPhone.Build.0 = Ad-Hoc|iPhone
		{489488B8-3001-4137-8BA1-9B5604EF814D}.Ad-Hoc|iPhoneSimulator.ActiveCfg = Ad-Hoc|iPhoneSimulator
		{489488B8-3001-4137-8BA1-9B5604EF814D}.Ad-Hoc|iPhoneSimulator.Build.0 = Ad-Hoc|iPhoneSimulator
		{489488B8-3001-4137-8BA1-9B5604EF814D}.Ad-Hoc|x64.ActiveCfg = Ad-Hoc|iPhone
		{489488B8-3001-4137-8BA1-9B5604EF814D}.Ad-Hoc|x86.ActiveCfg = Ad-Hoc|iPhone
		{489488B8-3001-4137-8BA1-9B5604EF814D}.AppStore|Any CPU.ActiveCfg = AppStore|iPhone
		{489488B8-3001-4137-8BA1-9B5604EF814D}.AppStore|ARM.ActiveCfg = AppStore|iPhone
		{489488B8-3001-4137-8BA1-9B5604EF814D}.AppStore|iPhone.ActiveCfg = AppStore|iPhone
		{489488B8-3001-4137-8BA1-9B5604EF814D}.AppStore|iPhone.Build.0 = AppStore|iPhone
		{489488B8-3001-4137-8BA1-9B5604EF814D}.AppStore|iPhoneSimulator.ActiveCfg = AppStore|iPhoneSimulator
		{489488B8-3001-4137-8BA1-9B5604EF814D}.AppStore|iPhoneSimulator.Build.0 = AppStore|iPhoneSimulator
		{489488B8-3001-4137-8BA1-9B5604EF814D}.AppStore|x64.ActiveCfg = AppStore|iPhone
		{489488B8-3001-4137-8BA1-9B5604EF814D}.AppStore|x86.ActiveCfg = AppStore|iPhone
		{489488B8-3001-4137-8BA1-9B5604EF814D}.Debug|Any CPU.ActiveCfg = Debug|iPhone
		{489488B8-3001-4137-8BA1-9B5604EF814D}.Debug|ARM.ActiveCfg = Debug|iPhone
		{489488B8-3001-4137-8BA1-9B5604EF814D}.Debug|iPhone.ActiveCfg = Debug|iPhone
		{489488B8-3001-4137-8BA1-9B5604EF814D}.Debug|iPhone.Build.0 = Debug|iPhone
		{489488B8-3001-4137-8BA1-9B5604EF814D}.Debug|iPhoneSimulator.ActiveCfg = Debug|iPhoneSimulator
		{489488B8-3001-4137-8BA1-9B5604EF814D}.Debug|iPhoneSimulator.Build.0 = Debug|iPhoneSimulator
		{489488B8-3001-4137-8BA1-9B5604EF814D}.Debug|x64.ActiveCfg = Debug|iPhone
		{489488B8-3001-4137-8BA1-9B5604EF814D}.Debug|x86.ActiveCfg = Debug|iPhone
		{489488B8-3001-4137-8BA1-9B5604EF814D}.Release|Any CPU.ActiveCfg = Release|iPhone
		{489488B8-3001-4137-8BA1-9B5604EF814D}.Release|ARM.ActiveCfg = Release|iPhone
		{489488B8-3001-4137-8BA1-9B5604EF814D}.Release|iPhone.ActiveCfg = Release|iPhone
		{489488B8-3001-4137-8BA1-9B5604EF814D}.Release|iPhone.Build.0 = Release|iPhone
		{489488B8-3001-4137-8BA1-9B5604EF814D}.Release|iPhoneSimulator.ActiveCfg = Release|iPhoneSimulator
		{489488B8-3001-4137-8BA1-9B5604EF814D}.Release|iPhoneSimulator.Build.0 = Release|iPhoneSimulator
		{489488B8-3001-4137-8BA1-9B5604EF814D}.Release|x64.ActiveCfg = Release|iPhone
		{489488B8-3001-4137-8BA1-9B5604EF814D}.Release|x86.ActiveCfg = Release|iPhone
		{59C6EB25-C1FE-4FD8-A1E9-1F60282E4BE6}.Ad-Hoc|Any CPU.ActiveCfg = Release|Any CPU
		{59C6EB25-C1FE-4FD8-A1E9-1F60282E4BE6}.Ad-Hoc|Any CPU.Build.0 = Release|Any CPU
		{59C6EB25-C1FE-4FD8-A1E9-1F60282E4BE6}.Ad-Hoc|Any CPU.Deploy.0 = Release|Any CPU
		{59C6EB25-C1FE-4FD8-A1E9-1F60282E4BE6}.Ad-Hoc|ARM.ActiveCfg = Release|ARM
		{59C6EB25-C1FE-4FD8-A1E9-1F60282E4BE6}.Ad-Hoc|ARM.Build.0 = Release|ARM
		{59C6EB25-C1FE-4FD8-A1E9-1F60282E4BE6}.Ad-Hoc|ARM.Deploy.0 = Release|ARM
		{59C6EB25-C1FE-4FD8-A1E9-1F60282E4BE6}.Ad-Hoc|iPhone.ActiveCfg = Release|Any CPU
		{59C6EB25-C1FE-4FD8-A1E9-1F60282E4BE6}.Ad-Hoc|iPhone.Build.0 = Release|Any CPU
		{59C6EB25-C1FE-4FD8-A1E9-1F60282E4BE6}.Ad-Hoc|iPhone.Deploy.0 = Release|Any CPU
		{59C6EB25-C1FE-4FD8-A1E9-1F60282E4BE6}.Ad-Hoc|iPhoneSimulator.ActiveCfg = Release|Any CPU
		{59C6EB25-C1FE-4FD8-A1E9-1F60282E4BE6}.Ad-Hoc|iPhoneSimulator.Build.0 = Release|Any CPU
		{59C6EB25-C1FE-4FD8-A1E9-1F60282E4BE6}.Ad-Hoc|iPhoneSimulator.Deploy.0 = Release|Any CPU
		{59C6EB25-C1FE-4FD8-A1E9-1F60282E4BE6}.Ad-Hoc|x64.ActiveCfg = Release|Any CPU
		{59C6EB25-C1FE-4FD8-A1E9-1F60282E4BE6}.Ad-Hoc|x64.Build.0 = Release|Any CPU
		{59C6EB25-C1FE-4FD8-A1E9-1F60282E4BE6}.Ad-Hoc|x64.Deploy.0 = Release|Any CPU
		{59C6EB25-C1FE-4FD8-A1E9-1F60282E4BE6}.Ad-Hoc|x86.ActiveCfg = Release|x86
		{59C6EB25-C1FE-4FD8-A1E9-1F60282E4BE6}.Ad-Hoc|x86.Build.0 = Release|x86
		{59C6EB25-C1FE-4FD8-A1E9-1F60282E4BE6}.Ad-Hoc|x86.Deploy.0 = Release|x86
		{59C6EB25-C1FE-4FD8-A1E9-1F60282E4BE6}.AppStore|Any CPU.ActiveCfg = Release|Any CPU
		{59C6EB25-C1FE-4FD8-A1E9-1F60282E4BE6}.AppStore|Any CPU.Build.0 = Release|Any CPU
		{59C6EB25-C1FE-4FD8-A1E9-1F60282E4BE6}.AppStore|Any CPU.Deploy.0 = Release|Any CPU
		{59C6EB25-C1FE-4FD8-A1E9-1F60282E4BE6}.AppStore|ARM.ActiveCfg = Release|ARM
		{59C6EB25-C1FE-4FD8-A1E9-1F60282E4BE6}.AppStore|ARM.Build.0 = Release|ARM
		{59C6EB25-C1FE-4FD8-A1E9-1F60282E4BE6}.AppStore|ARM.Deploy.0 = Release|ARM
		{59C6EB25-C1FE-4FD8-A1E9-1F60282E4BE6}.AppStore|iPhone.ActiveCfg = Release|Any CPU
		{59C6EB25-C1FE-4FD8-A1E9-1F60282E4BE6}.AppStore|iPhone.Build.0 = Release|Any CPU
		{59C6EB25-C1FE-4FD8-A1E9-1F60282E4BE6}.AppStore|iPhone.Deploy.0 = Release|Any CPU
		{59C6EB25-C1FE-4FD8-A1E9-1F60282E4BE6}.AppStore|iPhoneSimulator.ActiveCfg = Release|Any CPU
		{59C6EB25-C1FE-4FD8-A1E9-1F60282E4BE6}.AppStore|iPhoneSimulator.Build.0 = Release|Any CPU
		{59C6EB25-C1FE-4FD8-A1E9-1F60282E4BE6}.AppStore|iPhoneSimulator.Deploy.0 = Release|Any CPU
		{59C6EB25-C1FE-4FD8-A1E9-1F60282E4BE6}.AppStore|x64.ActiveCfg = Release|Any CPU
		{59C6EB25-C1FE-4FD8-A1E9-1F60282E4BE6}.AppStore|x64.Build.0 = Release|Any CPU
		{59C6EB25-C1FE-4FD8-A1E9-1F60282E4BE6}.AppStore|x64.Deploy.0 = Release|Any CPU
		{59C6EB25-C1FE-4FD8-A1E9-1F60282E4BE6}.AppStore|x86.ActiveCfg = Release|x86
		{59C6EB25-C1FE-4FD8-A1E9-1F60282E4BE6}.AppStore|x86.Build.0 = Release|x86
		{59C6EB25-C1FE-4FD8-A1E9-1F60282E4BE6}.AppStore|x86.Deploy.0 = Release|x86
		{59C6EB25-C1FE-4FD8-A1E9-1F60282E4BE6}.Debug|Any CPU.ActiveCfg = Debug|Any CPU
		{59C6EB25-C1FE-4FD8-A1E9-1F60282E4BE6}.Debug|Any CPU.Build.0 = Debug|Any CPU
		{59C6EB25-C1FE-4FD8-A1E9-1F60282E4BE6}.Debug|Any CPU.Deploy.0 = Debug|Any CPU
		{59C6EB25-C1FE-4FD8-A1E9-1F60282E4BE6}.Debug|ARM.ActiveCfg = Debug|ARM
		{59C6EB25-C1FE-4FD8-A1E9-1F60282E4BE6}.Debug|ARM.Build.0 = Debug|ARM
		{59C6EB25-C1FE-4FD8-A1E9-1F60282E4BE6}.Debug|ARM.Deploy.0 = Debug|ARM
		{59C6EB25-C1FE-4FD8-A1E9-1F60282E4BE6}.Debug|iPhone.ActiveCfg = Debug|Any CPU
		{59C6EB25-C1FE-4FD8-A1E9-1F60282E4BE6}.Debug|iPhone.Build.0 = Debug|Any CPU
		{59C6EB25-C1FE-4FD8-A1E9-1F60282E4BE6}.Debug|iPhone.Deploy.0 = Debug|Any CPU
		{59C6EB25-C1FE-4FD8-A1E9-1F60282E4BE6}.Debug|iPhoneSimulator.ActiveCfg = Debug|Any CPU
		{59C6EB25-C1FE-4FD8-A1E9-1F60282E4BE6}.Debug|iPhoneSimulator.Build.0 = Debug|Any CPU
		{59C6EB25-C1FE-4FD8-A1E9-1F60282E4BE6}.Debug|iPhoneSimulator.Deploy.0 = Debug|Any CPU
		{59C6EB25-C1FE-4FD8-A1E9-1F60282E4BE6}.Debug|x64.ActiveCfg = Debug|Any CPU
		{59C6EB25-C1FE-4FD8-A1E9-1F60282E4BE6}.Debug|x64.Build.0 = Debug|Any CPU
		{59C6EB25-C1FE-4FD8-A1E9-1F60282E4BE6}.Debug|x64.Deploy.0 = Debug|Any CPU
		{59C6EB25-C1FE-4FD8-A1E9-1F60282E4BE6}.Debug|x86.ActiveCfg = Debug|x86
		{59C6EB25-C1FE-4FD8-A1E9-1F60282E4BE6}.Debug|x86.Build.0 = Debug|x86
		{59C6EB25-C1FE-4FD8-A1E9-1F60282E4BE6}.Debug|x86.Deploy.0 = Debug|x86
		{59C6EB25-C1FE-4FD8-A1E9-1F60282E4BE6}.Release|Any CPU.ActiveCfg = Release|Any CPU
		{59C6EB25-C1FE-4FD8-A1E9-1F60282E4BE6}.Release|Any CPU.Build.0 = Release|Any CPU
		{59C6EB25-C1FE-4FD8-A1E9-1F60282E4BE6}.Release|Any CPU.Deploy.0 = Release|Any CPU
		{59C6EB25-C1FE-4FD8-A1E9-1F60282E4BE6}.Release|ARM.ActiveCfg = Release|ARM
		{59C6EB25-C1FE-4FD8-A1E9-1F60282E4BE6}.Release|ARM.Build.0 = Release|ARM
		{59C6EB25-C1FE-4FD8-A1E9-1F60282E4BE6}.Release|ARM.Deploy.0 = Release|ARM
		{59C6EB25-C1FE-4FD8-A1E9-1F60282E4BE6}.Release|iPhone.ActiveCfg = Release|Any CPU
		{59C6EB25-C1FE-4FD8-A1E9-1F60282E4BE6}.Release|iPhone.Build.0 = Release|Any CPU
		{59C6EB25-C1FE-4FD8-A1E9-1F60282E4BE6}.Release|iPhone.Deploy.0 = Release|Any CPU
		{59C6EB25-C1FE-4FD8-A1E9-1F60282E4BE6}.Release|iPhoneSimulator.ActiveCfg = Release|Any CPU
		{59C6EB25-C1FE-4FD8-A1E9-1F60282E4BE6}.Release|iPhoneSimulator.Build.0 = Release|Any CPU
		{59C6EB25-C1FE-4FD8-A1E9-1F60282E4BE6}.Release|iPhoneSimulator.Deploy.0 = Release|Any CPU
		{59C6EB25-C1FE-4FD8-A1E9-1F60282E4BE6}.Release|x64.ActiveCfg = Release|Any CPU
		{59C6EB25-C1FE-4FD8-A1E9-1F60282E4BE6}.Release|x64.Build.0 = Release|Any CPU
		{59C6EB25-C1FE-4FD8-A1E9-1F60282E4BE6}.Release|x64.Deploy.0 = Release|Any CPU
		{59C6EB25-C1FE-4FD8-A1E9-1F60282E4BE6}.Release|x86.ActiveCfg = Release|x86
		{59C6EB25-C1FE-4FD8-A1E9-1F60282E4BE6}.Release|x86.Build.0 = Release|x86
		{59C6EB25-C1FE-4FD8-A1E9-1F60282E4BE6}.Release|x86.Deploy.0 = Release|x86
		{DC89E748-053C-40B5-905C-26ACFA18DA7D}.Ad-Hoc|Any CPU.ActiveCfg = Release|x86
		{DC89E748-053C-40B5-905C-26ACFA18DA7D}.Ad-Hoc|Any CPU.Build.0 = Release|x86
		{DC89E748-053C-40B5-905C-26ACFA18DA7D}.Ad-Hoc|Any CPU.Deploy.0 = Release|x86
		{DC89E748-053C-40B5-905C-26ACFA18DA7D}.Ad-Hoc|ARM.ActiveCfg = Release|ARM
		{DC89E748-053C-40B5-905C-26ACFA18DA7D}.Ad-Hoc|ARM.Build.0 = Release|ARM
		{DC89E748-053C-40B5-905C-26ACFA18DA7D}.Ad-Hoc|ARM.Deploy.0 = Release|ARM
		{DC89E748-053C-40B5-905C-26ACFA18DA7D}.Ad-Hoc|iPhone.ActiveCfg = Release|x86
		{DC89E748-053C-40B5-905C-26ACFA18DA7D}.Ad-Hoc|iPhone.Build.0 = Release|x86
		{DC89E748-053C-40B5-905C-26ACFA18DA7D}.Ad-Hoc|iPhone.Deploy.0 = Release|x86
		{DC89E748-053C-40B5-905C-26ACFA18DA7D}.Ad-Hoc|iPhoneSimulator.ActiveCfg = Release|x86
		{DC89E748-053C-40B5-905C-26ACFA18DA7D}.Ad-Hoc|iPhoneSimulator.Build.0 = Release|x86
		{DC89E748-053C-40B5-905C-26ACFA18DA7D}.Ad-Hoc|iPhoneSimulator.Deploy.0 = Release|x86
		{DC89E748-053C-40B5-905C-26ACFA18DA7D}.Ad-Hoc|x64.ActiveCfg = Release|x64
		{DC89E748-053C-40B5-905C-26ACFA18DA7D}.Ad-Hoc|x64.Build.0 = Release|x64
		{DC89E748-053C-40B5-905C-26ACFA18DA7D}.Ad-Hoc|x64.Deploy.0 = Release|x64
		{DC89E748-053C-40B5-905C-26ACFA18DA7D}.Ad-Hoc|x86.ActiveCfg = Release|x86
		{DC89E748-053C-40B5-905C-26ACFA18DA7D}.Ad-Hoc|x86.Build.0 = Release|x86
		{DC89E748-053C-40B5-905C-26ACFA18DA7D}.Ad-Hoc|x86.Deploy.0 = Release|x86
		{DC89E748-053C-40B5-905C-26ACFA18DA7D}.AppStore|Any CPU.ActiveCfg = Release|x86
		{DC89E748-053C-40B5-905C-26ACFA18DA7D}.AppStore|Any CPU.Build.0 = Release|x86
		{DC89E748-053C-40B5-905C-26ACFA18DA7D}.AppStore|Any CPU.Deploy.0 = Release|x86
		{DC89E748-053C-40B5-905C-26ACFA18DA7D}.AppStore|ARM.ActiveCfg = Release|ARM
		{DC89E748-053C-40B5-905C-26ACFA18DA7D}.AppStore|ARM.Build.0 = Release|ARM
		{DC89E748-053C-40B5-905C-26ACFA18DA7D}.AppStore|ARM.Deploy.0 = Release|ARM
		{DC89E748-053C-40B5-905C-26ACFA18DA7D}.AppStore|iPhone.ActiveCfg = Release|x86
		{DC89E748-053C-40B5-905C-26ACFA18DA7D}.AppStore|iPhone.Build.0 = Release|x86
		{DC89E748-053C-40B5-905C-26ACFA18DA7D}.AppStore|iPhone.Deploy.0 = Release|x86
		{DC89E748-053C-40B5-905C-26ACFA18DA7D}.AppStore|iPhoneSimulator.ActiveCfg = Release|x86
		{DC89E748-053C-40B5-905C-26ACFA18DA7D}.AppStore|iPhoneSimulator.Build.0 = Release|x86
		{DC89E748-053C-40B5-905C-26ACFA18DA7D}.AppStore|iPhoneSimulator.Deploy.0 = Release|x86
		{DC89E748-053C-40B5-905C-26ACFA18DA7D}.AppStore|x64.ActiveCfg = Release|x64
		{DC89E748-053C-40B5-905C-26ACFA18DA7D}.AppStore|x64.Build.0 = Release|x64
		{DC89E748-053C-40B5-905C-26ACFA18DA7D}.AppStore|x64.Deploy.0 = Release|x64
		{DC89E748-053C-40B5-905C-26ACFA18DA7D}.AppStore|x86.ActiveCfg = Release|x86
		{DC89E748-053C-40B5-905C-26ACFA18DA7D}.AppStore|x86.Build.0 = Release|x86
		{DC89E748-053C-40B5-905C-26ACFA18DA7D}.AppStore|x86.Deploy.0 = Release|x86
		{DC89E748-053C-40B5-905C-26ACFA18DA7D}.Debug|Any CPU.ActiveCfg = Debug|x86
		{DC89E748-053C-40B5-905C-26ACFA18DA7D}.Debug|ARM.ActiveCfg = Debug|ARM
		{DC89E748-053C-40B5-905C-26ACFA18DA7D}.Debug|ARM.Build.0 = Debug|ARM
		{DC89E748-053C-40B5-905C-26ACFA18DA7D}.Debug|ARM.Deploy.0 = Debug|ARM
		{DC89E748-053C-40B5-905C-26ACFA18DA7D}.Debug|iPhone.ActiveCfg = Debug|x86
		{DC89E748-053C-40B5-905C-26ACFA18DA7D}.Debug|iPhoneSimulator.ActiveCfg = Debug|x86
		{DC89E748-053C-40B5-905C-26ACFA18DA7D}.Debug|x64.ActiveCfg = Debug|x64
		{DC89E748-053C-40B5-905C-26ACFA18DA7D}.Debug|x64.Build.0 = Debug|x64
		{DC89E748-053C-40B5-905C-26ACFA18DA7D}.Debug|x64.Deploy.0 = Debug|x64
		{DC89E748-053C-40B5-905C-26ACFA18DA7D}.Debug|x86.ActiveCfg = Debug|x86
		{DC89E748-053C-40B5-905C-26ACFA18DA7D}.Debug|x86.Build.0 = Debug|x86
		{DC89E748-053C-40B5-905C-26ACFA18DA7D}.Debug|x86.Deploy.0 = Debug|x86
		{DC89E748-053C-40B5-905C-26ACFA18DA7D}.Release|Any CPU.ActiveCfg = Release|x86
		{DC89E748-053C-40B5-905C-26ACFA18DA7D}.Release|ARM.ActiveCfg = Release|ARM
		{DC89E748-053C-40B5-905C-26ACFA18DA7D}.Release|ARM.Build.0 = Release|ARM
		{DC89E748-053C-40B5-905C-26ACFA18DA7D}.Release|ARM.Deploy.0 = Release|ARM
		{DC89E748-053C-40B5-905C-26ACFA18DA7D}.Release|iPhone.ActiveCfg = Release|x86
		{DC89E748-053C-40B5-905C-26ACFA18DA7D}.Release|iPhoneSimulator.ActiveCfg = Release|x86
		{DC89E748-053C-40B5-905C-26ACFA18DA7D}.Release|x64.ActiveCfg = Release|x64
		{DC89E748-053C-40B5-905C-26ACFA18DA7D}.Release|x64.Build.0 = Release|x64
		{DC89E748-053C-40B5-905C-26ACFA18DA7D}.Release|x64.Deploy.0 = Release|x64
		{DC89E748-053C-40B5-905C-26ACFA18DA7D}.Release|x86.ActiveCfg = Release|x86
		{DC89E748-053C-40B5-905C-26ACFA18DA7D}.Release|x86.Build.0 = Release|x86
		{DC89E748-053C-40B5-905C-26ACFA18DA7D}.Release|x86.Deploy.0 = Release|x86
		{5CEC548A-2E56-4763-B2C5-8B1505C9A74C}.Ad-Hoc|Any CPU.ActiveCfg = Release|Any CPU
		{5CEC548A-2E56-4763-B2C5-8B1505C9A74C}.Ad-Hoc|Any CPU.Build.0 = Release|Any CPU
		{5CEC548A-2E56-4763-B2C5-8B1505C9A74C}.Ad-Hoc|Any CPU.Deploy.0 = Release|Any CPU
		{5CEC548A-2E56-4763-B2C5-8B1505C9A74C}.Ad-Hoc|ARM.ActiveCfg = Release|ARM
		{5CEC548A-2E56-4763-B2C5-8B1505C9A74C}.Ad-Hoc|ARM.Build.0 = Release|ARM
		{5CEC548A-2E56-4763-B2C5-8B1505C9A74C}.Ad-Hoc|ARM.Deploy.0 = Release|ARM
		{5CEC548A-2E56-4763-B2C5-8B1505C9A74C}.Ad-Hoc|iPhone.ActiveCfg = Release|Any CPU
		{5CEC548A-2E56-4763-B2C5-8B1505C9A74C}.Ad-Hoc|iPhone.Build.0 = Release|Any CPU
		{5CEC548A-2E56-4763-B2C5-8B1505C9A74C}.Ad-Hoc|iPhone.Deploy.0 = Release|Any CPU
		{5CEC548A-2E56-4763-B2C5-8B1505C9A74C}.Ad-Hoc|iPhoneSimulator.ActiveCfg = Release|Any CPU
		{5CEC548A-2E56-4763-B2C5-8B1505C9A74C}.Ad-Hoc|iPhoneSimulator.Build.0 = Release|Any CPU
		{5CEC548A-2E56-4763-B2C5-8B1505C9A74C}.Ad-Hoc|iPhoneSimulator.Deploy.0 = Release|Any CPU
		{5CEC548A-2E56-4763-B2C5-8B1505C9A74C}.Ad-Hoc|x64.ActiveCfg = Release|x64
		{5CEC548A-2E56-4763-B2C5-8B1505C9A74C}.Ad-Hoc|x64.Build.0 = Release|x64
		{5CEC548A-2E56-4763-B2C5-8B1505C9A74C}.Ad-Hoc|x64.Deploy.0 = Release|x64
		{5CEC548A-2E56-4763-B2C5-8B1505C9A74C}.Ad-Hoc|x86.ActiveCfg = Release|x86
		{5CEC548A-2E56-4763-B2C5-8B1505C9A74C}.Ad-Hoc|x86.Build.0 = Release|x86
		{5CEC548A-2E56-4763-B2C5-8B1505C9A74C}.Ad-Hoc|x86.Deploy.0 = Release|x86
		{5CEC548A-2E56-4763-B2C5-8B1505C9A74C}.AppStore|Any CPU.ActiveCfg = Release|Any CPU
		{5CEC548A-2E56-4763-B2C5-8B1505C9A74C}.AppStore|Any CPU.Build.0 = Release|Any CPU
		{5CEC548A-2E56-4763-B2C5-8B1505C9A74C}.AppStore|Any CPU.Deploy.0 = Release|Any CPU
		{5CEC548A-2E56-4763-B2C5-8B1505C9A74C}.AppStore|ARM.ActiveCfg = Release|ARM
		{5CEC548A-2E56-4763-B2C5-8B1505C9A74C}.AppStore|ARM.Build.0 = Release|ARM
		{5CEC548A-2E56-4763-B2C5-8B1505C9A74C}.AppStore|ARM.Deploy.0 = Release|ARM
		{5CEC548A-2E56-4763-B2C5-8B1505C9A74C}.AppStore|iPhone.ActiveCfg = Release|Any CPU
		{5CEC548A-2E56-4763-B2C5-8B1505C9A74C}.AppStore|iPhone.Build.0 = Release|Any CPU
		{5CEC548A-2E56-4763-B2C5-8B1505C9A74C}.AppStore|iPhone.Deploy.0 = Release|Any CPU
		{5CEC548A-2E56-4763-B2C5-8B1505C9A74C}.AppStore|iPhoneSimulator.ActiveCfg = Release|Any CPU
		{5CEC548A-2E56-4763-B2C5-8B1505C9A74C}.AppStore|iPhoneSimulator.Build.0 = Release|Any CPU
		{5CEC548A-2E56-4763-B2C5-8B1505C9A74C}.AppStore|iPhoneSimulator.Deploy.0 = Release|Any CPU
		{5CEC548A-2E56-4763-B2C5-8B1505C9A74C}.AppStore|x64.ActiveCfg = Release|x64
		{5CEC548A-2E56-4763-B2C5-8B1505C9A74C}.AppStore|x64.Build.0 = Release|x64
		{5CEC548A-2E56-4763-B2C5-8B1505C9A74C}.AppStore|x64.Deploy.0 = Release|x64
		{5CEC548A-2E56-4763-B2C5-8B1505C9A74C}.AppStore|x86.ActiveCfg = Release|x86
		{5CEC548A-2E56-4763-B2C5-8B1505C9A74C}.AppStore|x86.Build.0 = Release|x86
		{5CEC548A-2E56-4763-B2C5-8B1505C9A74C}.AppStore|x86.Deploy.0 = Release|x86
		{5CEC548A-2E56-4763-B2C5-8B1505C9A74C}.Debug|Any CPU.ActiveCfg = Debug|Any CPU
		{5CEC548A-2E56-4763-B2C5-8B1505C9A74C}.Debug|Any CPU.Build.0 = Debug|Any CPU
		{5CEC548A-2E56-4763-B2C5-8B1505C9A74C}.Debug|Any CPU.Deploy.0 = Debug|Any CPU
		{5CEC548A-2E56-4763-B2C5-8B1505C9A74C}.Debug|ARM.ActiveCfg = Debug|ARM
		{5CEC548A-2E56-4763-B2C5-8B1505C9A74C}.Debug|ARM.Build.0 = Debug|ARM
		{5CEC548A-2E56-4763-B2C5-8B1505C9A74C}.Debug|ARM.Deploy.0 = Debug|ARM
		{5CEC548A-2E56-4763-B2C5-8B1505C9A74C}.Debug|iPhone.ActiveCfg = Debug|Any CPU
		{5CEC548A-2E56-4763-B2C5-8B1505C9A74C}.Debug|iPhone.Build.0 = Debug|Any CPU
		{5CEC548A-2E56-4763-B2C5-8B1505C9A74C}.Debug|iPhone.Deploy.0 = Debug|Any CPU
		{5CEC548A-2E56-4763-B2C5-8B1505C9A74C}.Debug|iPhoneSimulator.ActiveCfg = Debug|Any CPU
		{5CEC548A-2E56-4763-B2C5-8B1505C9A74C}.Debug|iPhoneSimulator.Build.0 = Debug|Any CPU
		{5CEC548A-2E56-4763-B2C5-8B1505C9A74C}.Debug|iPhoneSimulator.Deploy.0 = Debug|Any CPU
		{5CEC548A-2E56-4763-B2C5-8B1505C9A74C}.Debug|x64.ActiveCfg = Debug|x64
		{5CEC548A-2E56-4763-B2C5-8B1505C9A74C}.Debug|x64.Build.0 = Debug|x64
		{5CEC548A-2E56-4763-B2C5-8B1505C9A74C}.Debug|x64.Deploy.0 = Debug|x64
		{5CEC548A-2E56-4763-B2C5-8B1505C9A74C}.Debug|x86.ActiveCfg = Debug|x86
		{5CEC548A-2E56-4763-B2C5-8B1505C9A74C}.Debug|x86.Build.0 = Debug|x86
		{5CEC548A-2E56-4763-B2C5-8B1505C9A74C}.Debug|x86.Deploy.0 = Debug|x86
		{5CEC548A-2E56-4763-B2C5-8B1505C9A74C}.Release|Any CPU.ActiveCfg = Release|Any CPU
		{5CEC548A-2E56-4763-B2C5-8B1505C9A74C}.Release|Any CPU.Build.0 = Release|Any CPU
		{5CEC548A-2E56-4763-B2C5-8B1505C9A74C}.Release|Any CPU.Deploy.0 = Release|Any CPU
		{5CEC548A-2E56-4763-B2C5-8B1505C9A74C}.Release|ARM.ActiveCfg = Release|ARM
		{5CEC548A-2E56-4763-B2C5-8B1505C9A74C}.Release|ARM.Build.0 = Release|ARM
		{5CEC548A-2E56-4763-B2C5-8B1505C9A74C}.Release|ARM.Deploy.0 = Release|ARM
		{5CEC548A-2E56-4763-B2C5-8B1505C9A74C}.Release|iPhone.ActiveCfg = Release|Any CPU
		{5CEC548A-2E56-4763-B2C5-8B1505C9A74C}.Release|iPhone.Build.0 = Release|Any CPU
		{5CEC548A-2E56-4763-B2C5-8B1505C9A74C}.Release|iPhone.Deploy.0 = Release|Any CPU
		{5CEC548A-2E56-4763-B2C5-8B1505C9A74C}.Release|iPhoneSimulator.ActiveCfg = Release|Any CPU
		{5CEC548A-2E56-4763-B2C5-8B1505C9A74C}.Release|iPhoneSimulator.Build.0 = Release|Any CPU
		{5CEC548A-2E56-4763-B2C5-8B1505C9A74C}.Release|iPhoneSimulator.Deploy.0 = Release|Any CPU
		{5CEC548A-2E56-4763-B2C5-8B1505C9A74C}.Release|x64.ActiveCfg = Release|x64
		{5CEC548A-2E56-4763-B2C5-8B1505C9A74C}.Release|x64.Build.0 = Release|x64
		{5CEC548A-2E56-4763-B2C5-8B1505C9A74C}.Release|x64.Deploy.0 = Release|x64
		{5CEC548A-2E56-4763-B2C5-8B1505C9A74C}.Release|x86.ActiveCfg = Release|x86
		{5CEC548A-2E56-4763-B2C5-8B1505C9A74C}.Release|x86.Build.0 = Release|x86
		{5CEC548A-2E56-4763-B2C5-8B1505C9A74C}.Release|x86.Deploy.0 = Release|x86
		{FD873A8D-9403-4EEE-89B5-1E365E834AB9}.Ad-Hoc|Any CPU.ActiveCfg = Release|Any CPU
		{FD873A8D-9403-4EEE-89B5-1E365E834AB9}.Ad-Hoc|Any CPU.Build.0 = Release|Any CPU
		{FD873A8D-9403-4EEE-89B5-1E365E834AB9}.Ad-Hoc|ARM.ActiveCfg = Release|Any CPU
		{FD873A8D-9403-4EEE-89B5-1E365E834AB9}.Ad-Hoc|ARM.Build.0 = Release|Any CPU
		{FD873A8D-9403-4EEE-89B5-1E365E834AB9}.Ad-Hoc|iPhone.ActiveCfg = Release|Any CPU
		{FD873A8D-9403-4EEE-89B5-1E365E834AB9}.Ad-Hoc|iPhone.Build.0 = Release|Any CPU
		{FD873A8D-9403-4EEE-89B5-1E365E834AB9}.Ad-Hoc|iPhoneSimulator.ActiveCfg = Release|Any CPU
		{FD873A8D-9403-4EEE-89B5-1E365E834AB9}.Ad-Hoc|iPhoneSimulator.Build.0 = Release|Any CPU
		{FD873A8D-9403-4EEE-89B5-1E365E834AB9}.Ad-Hoc|x64.ActiveCfg = Release|Any CPU
		{FD873A8D-9403-4EEE-89B5-1E365E834AB9}.Ad-Hoc|x64.Build.0 = Release|Any CPU
		{FD873A8D-9403-4EEE-89B5-1E365E834AB9}.Ad-Hoc|x86.ActiveCfg = Release|Any CPU
		{FD873A8D-9403-4EEE-89B5-1E365E834AB9}.Ad-Hoc|x86.Build.0 = Release|Any CPU
		{FD873A8D-9403-4EEE-89B5-1E365E834AB9}.AppStore|Any CPU.ActiveCfg = Release|Any CPU
		{FD873A8D-9403-4EEE-89B5-1E365E834AB9}.AppStore|Any CPU.Build.0 = Release|Any CPU
		{FD873A8D-9403-4EEE-89B5-1E365E834AB9}.AppStore|ARM.ActiveCfg = Release|Any CPU
		{FD873A8D-9403-4EEE-89B5-1E365E834AB9}.AppStore|ARM.Build.0 = Release|Any CPU
		{FD873A8D-9403-4EEE-89B5-1E365E834AB9}.AppStore|iPhone.ActiveCfg = Release|Any CPU
		{FD873A8D-9403-4EEE-89B5-1E365E834AB9}.AppStore|iPhone.Build.0 = Release|Any CPU
		{FD873A8D-9403-4EEE-89B5-1E365E834AB9}.AppStore|iPhoneSimulator.ActiveCfg = Release|Any CPU
		{FD873A8D-9403-4EEE-89B5-1E365E834AB9}.AppStore|iPhoneSimulator.Build.0 = Release|Any CPU
		{FD873A8D-9403-4EEE-89B5-1E365E834AB9}.AppStore|x64.ActiveCfg = Release|Any CPU
		{FD873A8D-9403-4EEE-89B5-1E365E834AB9}.AppStore|x64.Build.0 = Release|Any CPU
		{FD873A8D-9403-4EEE-89B5-1E365E834AB9}.AppStore|x86.ActiveCfg = Release|Any CPU
		{FD873A8D-9403-4EEE-89B5-1E365E834AB9}.AppStore|x86.Build.0 = Release|Any CPU
		{FD873A8D-9403-4EEE-89B5-1E365E834AB9}.Debug|Any CPU.ActiveCfg = Debug|Any CPU
		{FD873A8D-9403-4EEE-89B5-1E365E834AB9}.Debug|Any CPU.Build.0 = Debug|Any CPU
		{FD873A8D-9403-4EEE-89B5-1E365E834AB9}.Debug|ARM.ActiveCfg = Debug|Any CPU
		{FD873A8D-9403-4EEE-89B5-1E365E834AB9}.Debug|ARM.Build.0 = Debug|Any CPU
		{FD873A8D-9403-4EEE-89B5-1E365E834AB9}.Debug|iPhone.ActiveCfg = Debug|Any CPU
		{FD873A8D-9403-4EEE-89B5-1E365E834AB9}.Debug|iPhone.Build.0 = Debug|Any CPU
		{FD873A8D-9403-4EEE-89B5-1E365E834AB9}.Debug|iPhoneSimulator.ActiveCfg = Debug|Any CPU
		{FD873A8D-9403-4EEE-89B5-1E365E834AB9}.Debug|iPhoneSimulator.Build.0 = Debug|Any CPU
		{FD873A8D-9403-4EEE-89B5-1E365E834AB9}.Debug|x64.ActiveCfg = Debug|Any CPU
		{FD873A8D-9403-4EEE-89B5-1E365E834AB9}.Debug|x64.Build.0 = Debug|Any CPU
		{FD873A8D-9403-4EEE-89B5-1E365E834AB9}.Debug|x86.ActiveCfg = Debug|Any CPU
		{FD873A8D-9403-4EEE-89B5-1E365E834AB9}.Debug|x86.Build.0 = Debug|Any CPU
		{FD873A8D-9403-4EEE-89B5-1E365E834AB9}.Release|Any CPU.ActiveCfg = Release|Any CPU
		{FD873A8D-9403-4EEE-89B5-1E365E834AB9}.Release|Any CPU.Build.0 = Release|Any CPU
		{FD873A8D-9403-4EEE-89B5-1E365E834AB9}.Release|ARM.ActiveCfg = Release|Any CPU
		{FD873A8D-9403-4EEE-89B5-1E365E834AB9}.Release|ARM.Build.0 = Release|Any CPU
		{FD873A8D-9403-4EEE-89B5-1E365E834AB9}.Release|iPhone.ActiveCfg = Release|Any CPU
		{FD873A8D-9403-4EEE-89B5-1E365E834AB9}.Release|iPhone.Build.0 = Release|Any CPU
		{FD873A8D-9403-4EEE-89B5-1E365E834AB9}.Release|iPhoneSimulator.ActiveCfg = Release|Any CPU
		{FD873A8D-9403-4EEE-89B5-1E365E834AB9}.Release|iPhoneSimulator.Build.0 = Release|Any CPU
		{FD873A8D-9403-4EEE-89B5-1E365E834AB9}.Release|x64.ActiveCfg = Release|Any CPU
		{FD873A8D-9403-4EEE-89B5-1E365E834AB9}.Release|x64.Build.0 = Release|Any CPU
		{FD873A8D-9403-4EEE-89B5-1E365E834AB9}.Release|x86.ActiveCfg = Release|Any CPU
		{FD873A8D-9403-4EEE-89B5-1E365E834AB9}.Release|x86.Build.0 = Release|Any CPU
	EndGlobalSection
	GlobalSection(SolutionProperties) = preSolution
		HideSolutionNode = FALSE
	EndGlobalSection
EndGlobal
